// !$*UTF8*$!
{
	archiveVersion = 1;
	classes = {
	};
	objectVersion = 50;
	objects = {

/* Begin PBXBuildFile section */
		92F55770269AC86C00C2A5F5 /* stackPracticeTutorialApp.swift in Sources */ = {isa = PBXBuildFile; fileRef = 92F5576F269AC86C00C2A5F5 /* stackPracticeTutorialApp.swift */; };
		92F55772269AC86C00C2A5F5 /* ContentView.swift in Sources */ = {isa = PBXBuildFile; fileRef = 92F55771269AC86C00C2A5F5 /* ContentView.swift */; };
		92F55774269AC86E00C2A5F5 /* Assets.xcassets in Resources */ = {isa = PBXBuildFile; fileRef = 92F55773269AC86E00C2A5F5 /* Assets.xcassets */; };
		92F55777269AC86E00C2A5F5 /* Preview Assets.xcassets in Resources */ = {isa = PBXBuildFile; fileRef = 92F55776269AC86E00C2A5F5 /* Preview Assets.xcassets */; };
		92F5577F269AC87C00C2A5F5 /* MyProjectCard.swift in Sources */ = {isa = PBXBuildFile; fileRef = 92F5577E269AC87C00C2A5F5 /* MyProjectCard.swift */; };
		92F55781269ACBA500C2A5F5 /* MyBasicCard.swift in Sources */ = {isa = PBXBuildFile; fileRef = 92F55780269ACBA500C2A5F5 /* MyBasicCard.swift */; };
		92F55783269B00E600C2A5F5 /* MyCard.swift in Sources */ = {isa = PBXBuildFile; fileRef = 92F55782269B00E600C2A5F5 /* MyCard.swift */; };
		92F55785269B03ED00C2A5F5 /* MyList.swift in Sources */ = {isa = PBXBuildFile; fileRef = 92F55784269B03ED00C2A5F5 /* MyList.swift */; };
		92F55787269B16C900C2A5F5 /* MyNavigationView.swift in Sources */ = {isa = PBXBuildFile; fileRef = 92F55786269B16C900C2A5F5 /* MyNavigationView.swift */; };
		92F55789269B22B300C2A5F5 /* ProfileView.swift in Sources */ = {isa = PBXBuildFile; fileRef = 92F55788269B22B300C2A5F5 /* ProfileView.swift */; };
		92F5578B269B288600C2A5F5 /* MyWebView.swift in Sources */ = {isa = PBXBuildFile; fileRef = 92F5578A269B288600C2A5F5 /* MyWebView.swift */; };
		92F5578D269B31D800C2A5F5 /* MyGeomeryReader.swift in Sources */ = {isa = PBXBuildFile; fileRef = 92F5578C269B31D800C2A5F5 /* MyGeomeryReader.swift */; };
		92F5578F269B35F000C2A5F5 /* MyGeometryReaderVstack.swift in Sources */ = {isa = PBXBuildFile; fileRef = 92F5578E269B35F000C2A5F5 /* MyGeometryReaderVstack.swift */; };
		92FECB5B269C193D00049A43 /* MyTabView.swift in Sources */ = {isa = PBXBuildFile; fileRef = 92FECB5A269C193D00049A43 /* MyTabView.swift */; };
		92FECB5D269C1AB200049A43 /* TabViewSub.swift in Sources */ = {isa = PBXBuildFile; fileRef = 92FECB5C269C1AB200049A43 /* TabViewSub.swift */; };
		92FECB5F269C1DAA00049A43 /* MyCustumTabView.swift in Sources */ = {isa = PBXBuildFile; fileRef = 92FECB5E269C1DAA00049A43 /* MyCustumTabView.swift */; };
/* End PBXBuildFile section */

/* Begin PBXFileReference section */
		92F5576C269AC86C00C2A5F5 /* stackPracticeTutorial.app */ = {isa = PBXFileReference; explicitFileType = wrapper.application; includeInIndex = 0; path = stackPracticeTutorial.app; sourceTree = BUILT_PRODUCTS_DIR; };
		92F5576F269AC86C00C2A5F5 /* stackPracticeTutorialApp.swift */ = {isa = PBXFileReference; lastKnownFileType = sourcecode.swift; path = stackPracticeTutorialApp.swift; sourceTree = "<group>"; };
		92F55771269AC86C00C2A5F5 /* ContentView.swift */ = {isa = PBXFileReference; lastKnownFileType = sourcecode.swift; path = ContentView.swift; sourceTree = "<group>"; };
		92F55773269AC86E00C2A5F5 /* Assets.xcassets */ = {isa = PBXFileReference; lastKnownFileType = folder.assetcatalog; path = Assets.xcassets; sourceTree = "<group>"; };
		92F55776269AC86E00C2A5F5 /* Preview Assets.xcassets */ = {isa = PBXFileReference; lastKnownFileType = folder.assetcatalog; path = "Preview Assets.xcassets"; sourceTree = "<group>"; };
		92F55778269AC86E00C2A5F5 /* Info.plist */ = {isa = PBXFileReference; lastKnownFileType = text.plist.xml; path = Info.plist; sourceTree = "<group>"; };
		92F5577E269AC87C00C2A5F5 /* MyProjectCard.swift */ = {isa = PBXFileReference; lastKnownFileType = sourcecode.swift; path = MyProjectCard.swift; sourceTree = "<group>"; };
		92F55780269ACBA500C2A5F5 /* MyBasicCard.swift */ = {isa = PBXFileReference; lastKnownFileType = sourcecode.swift; path = MyBasicCard.swift; sourceTree = "<group>"; };
		92F55782269B00E600C2A5F5 /* MyCard.swift */ = {isa = PBXFileReference; lastKnownFileType = sourcecode.swift; path = MyCard.swift; sourceTree = "<group>"; };
		92F55784269B03ED00C2A5F5 /* MyList.swift */ = {isa = PBXFileReference; lastKnownFileType = sourcecode.swift; path = MyList.swift; sourceTree = "<group>"; };
		92F55786269B16C900C2A5F5 /* MyNavigationView.swift */ = {isa = PBXFileReference; lastKnownFileType = sourcecode.swift; path = MyNavigationView.swift; sourceTree = "<group>"; };
		92F55788269B22B300C2A5F5 /* ProfileView.swift */ = {isa = PBXFileReference; lastKnownFileType = sourcecode.swift; path = ProfileView.swift; sourceTree = "<group>"; };
		92F5578A269B288600C2A5F5 /* MyWebView.swift */ = {isa = PBXFileReference; lastKnownFileType = sourcecode.swift; path = MyWebView.swift; sourceTree = "<group>"; };
		92F5578C269B31D800C2A5F5 /* MyGeomeryReader.swift */ = {isa = PBXFileReference; lastKnownFileType = sourcecode.swift; path = MyGeomeryReader.swift; sourceTree = "<group>"; };
		92F5578E269B35F000C2A5F5 /* MyGeometryReaderVstack.swift */ = {isa = PBXFileReference; lastKnownFileType = sourcecode.swift; path = MyGeometryReaderVstack.swift; sourceTree = "<group>"; };
		92FECB5A269C193D00049A43 /* MyTabView.swift */ = {isa = PBXFileReference; lastKnownFileType = sourcecode.swift; path = MyTabView.swift; sourceTree = "<group>"; };
		92FECB5C269C1AB200049A43 /* TabViewSub.swift */ = {isa = PBXFileReference; lastKnownFileType = sourcecode.swift; path = TabViewSub.swift; sourceTree = "<group>"; };
		92FECB5E269C1DAA00049A43 /* MyCustumTabView.swift */ = {isa = PBXFileReference; lastKnownFileType = sourcecode.swift; path = MyCustumTabView.swift; sourceTree = "<group>"; };
/* End PBXFileReference section */

/* Begin PBXFrameworksBuildPhase section */
		92F55769269AC86C00C2A5F5 /* Frameworks */ = {
			isa = PBXFrameworksBuildPhase;
			buildActionMask = 2147483647;
			files = (
			);
			runOnlyForDeploymentPostprocessing = 0;
		};
/* End PBXFrameworksBuildPhase section */

/* Begin PBXGroup section */
		92F55763269AC86C00C2A5F5 = {
			isa = PBXGroup;
			children = (
				92F5576E269AC86C00C2A5F5 /* stackPracticeTutorial */,
				92F5576D269AC86C00C2A5F5 /* Products */,
			);
			sourceTree = "<group>";
		};
		92F5576D269AC86C00C2A5F5 /* Products */ = {
			isa = PBXGroup;
			children = (
				92F5576C269AC86C00C2A5F5 /* stackPracticeTutorial.app */,
			);
			name = Products;
			sourceTree = "<group>";
		};
		92F5576E269AC86C00C2A5F5 /* stackPracticeTutorial */ = {
			isa = PBXGroup;
			children = (
				92F5576F269AC86C00C2A5F5 /* stackPracticeTutorialApp.swift */,
				92F55771269AC86C00C2A5F5 /* ContentView.swift */,
				92F55773269AC86E00C2A5F5 /* Assets.xcassets */,
				92F55778269AC86E00C2A5F5 /* Info.plist */,
				92F55775269AC86E00C2A5F5 /* Preview Content */,
				92F5577E269AC87C00C2A5F5 /* MyProjectCard.swift */,
				92F55780269ACBA500C2A5F5 /* MyBasicCard.swift */,
				92F55782269B00E600C2A5F5 /* MyCard.swift */,
				92F55784269B03ED00C2A5F5 /* MyList.swift */,
				92F55786269B16C900C2A5F5 /* MyNavigationView.swift */,
				92F55788269B22B300C2A5F5 /* ProfileView.swift */,
				92F5578A269B288600C2A5F5 /* MyWebView.swift */,
				92F5578C269B31D800C2A5F5 /* MyGeomeryReader.swift */,
				92F5578E269B35F000C2A5F5 /* MyGeometryReaderVstack.swift */,
				92FECB5A269C193D00049A43 /* MyTabView.swift */,
				92FECB5C269C1AB200049A43 /* TabViewSub.swift */,
				92FECB5E269C1DAA00049A43 /* MyCustumTabView.swift */,
			);
			path = stackPracticeTutorial;
			sourceTree = "<group>";
		};
		92F55775269AC86E00C2A5F5 /* Preview Content */ = {
			isa = PBXGroup;
			children = (
				92F55776269AC86E00C2A5F5 /* Preview Assets.xcassets */,
			);
			path = "Preview Content";
			sourceTree = "<group>";
		};
/* End PBXGroup section */

/* Begin PBXNativeTarget section */
		92F5576B269AC86C00C2A5F5 /* stackPracticeTutorial */ = {
			isa = PBXNativeTarget;
			buildConfigurationList = 92F5577B269AC86E00C2A5F5 /* Build configuration list for PBXNativeTarget "stackPracticeTutorial" */;
			buildPhases = (
				92F55768269AC86C00C2A5F5 /* Sources */,
				92F55769269AC86C00C2A5F5 /* Frameworks */,
				92F5576A269AC86C00C2A5F5 /* Resources */,
			);
			buildRules = (
			);
			dependencies = (
			);
			name = stackPracticeTutorial;
			productName = stackPracticeTutorial;
			productReference = 92F5576C269AC86C00C2A5F5 /* stackPracticeTutorial.app */;
			productType = "com.apple.product-type.application";
		};
/* End PBXNativeTarget section */

/* Begin PBXProject section */
		92F55764269AC86C00C2A5F5 /* Project object */ = {
			isa = PBXProject;
			attributes = {
				LastSwiftUpdateCheck = 1250;
				LastUpgradeCheck = 1250;
				TargetAttributes = {
					92F5576B269AC86C00C2A5F5 = {
						CreatedOnToolsVersion = 12.5.1;
					};
				};
			};
			buildConfigurationList = 92F55767269AC86C00C2A5F5 /* Build configuration list for PBXProject "stackPracticeTutorial" */;
			compatibilityVersion = "Xcode 9.3";
			developmentRegion = en;
			hasScannedForEncodings = 0;
			knownRegions = (
				en,
				Base,
			);
			mainGroup = 92F55763269AC86C00C2A5F5;
			productRefGroup = 92F5576D269AC86C00C2A5F5 /* Products */;
			projectDirPath = "";
			projectRoot = "";
			targets = (
				92F5576B269AC86C00C2A5F5 /* stackPracticeTutorial */,
			);
		};
/* End PBXProject section */

/* Begin PBXResourcesBuildPhase section */
		92F5576A269AC86C00C2A5F5 /* Resources */ = {
			isa = PBXResourcesBuildPhase;
			buildActionMask = 2147483647;
			files = (
				92F55777269AC86E00C2A5F5 /* Preview Assets.xcassets in Resources */,
				92F55774269AC86E00C2A5F5 /* Assets.xcassets in Resources */,
			);
			runOnlyForDeploymentPostprocessing = 0;
		};
/* End PBXResourcesBuildPhase section */

/* Begin PBXSourcesBuildPhase section */
		92F55768269AC86C00C2A5F5 /* Sources */ = {
			isa = PBXSourcesBuildPhase;
			buildActionMask = 2147483647;
			files = (
				92F55789269B22B300C2A5F5 /* ProfileView.swift in Sources */,
				92F5578B269B288600C2A5F5 /* MyWebView.swift in Sources */,
				92F5577F269AC87C00C2A5F5 /* MyProjectCard.swift in Sources */,
				92F55772269AC86C00C2A5F5 /* ContentView.swift in Sources */,
				92F5578F269B35F000C2A5F5 /* MyGeometryReaderVstack.swift in Sources */,
				92FECB5F269C1DAA00049A43 /* MyCustumTabView.swift in Sources */,
				92F55781269ACBA500C2A5F5 /* MyBasicCard.swift in Sources */,
				92F55783269B00E600C2A5F5 /* MyCard.swift in Sources */,
				92F55770269AC86C00C2A5F5 /* stackPracticeTutorialApp.swift in Sources */,
				92F55785269B03ED00C2A5F5 /* MyList.swift in Sources */,
				92F55787269B16C900C2A5F5 /* MyNavigationView.swift in Sources */,
				92FECB5D269C1AB200049A43 /* TabViewSub.swift in Sources */,
				92FECB5B269C193D00049A43 /* MyTabView.swift in Sources */,
				92F5578D269B31D800C2A5F5 /* MyGeomeryReader.swift in Sources */,
			);
			runOnlyForDeploymentPostprocessing = 0;
		};
/* End PBXSourcesBuildPhase section */

/* Begin XCBuildConfiguration section */
		92F55779269AC86E00C2A5F5 /* Debug */ = {
			isa = XCBuildConfiguration;
			buildSettings = {
				ALWAYS_SEARCH_USER_PATHS = NO;
				CLANG_ANALYZER_NONNULL = YES;
				CLANG_ANALYZER_NUMBER_OBJECT_CONVERSION = YES_AGGRESSIVE;
				CLANG_CXX_LANGUAGE_STANDARD = "gnu++14";
				CLANG_CXX_LIBRARY = "libc++";
				CLANG_ENABLE_MODULES = YES;
				CLANG_ENABLE_OBJC_ARC = YES;
				CLANG_ENABLE_OBJC_WEAK = YES;
				CLANG_WARN_BLOCK_CAPTURE_AUTORELEASING = YES;
				CLANG_WARN_BOOL_CONVERSION = YES;
				CLANG_WARN_COMMA = YES;
				CLANG_WARN_CONSTANT_CONVERSION = YES;
				CLANG_WARN_DEPRECATED_OBJC_IMPLEMENTATIONS = YES;
				CLANG_WARN_DIRECT_OBJC_ISA_USAGE = YES_ERROR;
				CLANG_WARN_DOCUMENTATION_COMMENTS = YES;
				CLANG_WARN_EMPTY_BODY = YES;
				CLANG_WARN_ENUM_CONVERSION = YES;
				CLANG_WARN_INFINITE_RECURSION = YES;
				CLANG_WARN_INT_CONVERSION = YES;
				CLANG_WARN_NON_LITERAL_NULL_CONVERSION = YES;
				CLANG_WARN_OBJC_IMPLICIT_RETAIN_SELF = YES;
				CLANG_WARN_OBJC_LITERAL_CONVERSION = YES;
				CLANG_WARN_OBJC_ROOT_CLASS = YES_ERROR;
				CLANG_WARN_QUOTED_INCLUDE_IN_FRAMEWORK_HEADER = YES;
				CLANG_WARN_RANGE_LOOP_ANALYSIS = YES;
				CLANG_WARN_STRICT_PROTOTYPES = YES;
				CLANG_WARN_SUSPICIOUS_MOVE = YES;
				CLANG_WARN_UNGUARDED_AVAILABILITY = YES_AGGRESSIVE;
				CLANG_WARN_UNREACHABLE_CODE = YES;
				CLANG_WARN__DUPLICATE_METHOD_MATCH = YES;
				COPY_PHASE_STRIP = NO;
				DEBUG_INFORMATION_FORMAT = dwarf;
				ENABLE_STRICT_OBJC_MSGSEND = YES;
				ENABLE_TESTABILITY = YES;
				GCC_C_LANGUAGE_STANDARD = gnu11;
				GCC_DYNAMIC_NO_PIC = NO;
				GCC_NO_COMMON_BLOCKS = YES;
				GCC_OPTIMIZATION_LEVEL = 0;
				GCC_PREPROCESSOR_DEFINITIONS = (
					"DEBUG=1",
					"$(inherited)",
				);
				GCC_WARN_64_TO_32_BIT_CONVERSION = YES;
				GCC_WARN_ABOUT_RETURN_TYPE = YES_ERROR;
				GCC_WARN_UNDECLARED_SELECTOR = YES;
				GCC_WARN_UNINITIALIZED_AUTOS = YES_AGGRESSIVE;
				GCC_WARN_UNUSED_FUNCTION = YES;
				GCC_WARN_UNUSED_VARIABLE = YES;
				IPHONEOS_DEPLOYMENT_TARGET = 14.5;
				MTL_ENABLE_DEBUG_INFO = INCLUDE_SOURCE;
				MTL_FAST_MATH = YES;
				ONLY_ACTIVE_ARCH = YES;
				SDKROOT = iphoneos;
				SWIFT_ACTIVE_COMPILATION_CONDITIONS = DEBUG;
				SWIFT_OPTIMIZATION_LEVEL = "-Onone";
			};
			name = Debug;
		};
		92F5577A269AC86E00C2A5F5 /* Release */ = {
			isa = XCBuildConfiguration;
			buildSettings = {
				ALWAYS_SEARCH_USER_PATHS = NO;
				CLANG_ANALYZER_NONNULL = YES;
				CLANG_ANALYZER_NUMBER_OBJECT_CONVERSION = YES_AGGRESSIVE;
				CLANG_CXX_LANGUAGE_STANDARD = "gnu++14";
				CLANG_CXX_LIBRARY = "libc++";
				CLANG_ENABLE_MODULES = YES;
				CLANG_ENABLE_OBJC_ARC = YES;
				CLANG_ENABLE_OBJC_WEAK = YES;
				CLANG_WARN_BLOCK_CAPTURE_AUTORELEASING = YES;
				CLANG_WARN_BOOL_CONVERSION = YES;
				CLANG_WARN_COMMA = YES;
				CLANG_WARN_CONSTANT_CONVERSION = YES;
				CLANG_WARN_DEPRECATED_OBJC_IMPLEMENTATIONS = YES;
				CLANG_WARN_DIRECT_OBJC_ISA_USAGE = YES_ERROR;
				CLANG_WARN_DOCUMENTATION_COMMENTS = YES;
				CLANG_WARN_EMPTY_BODY = YES;
				CLANG_WARN_ENUM_CONVERSION = YES;
				CLANG_WARN_INFINITE_RECURSION = YES;
				CLANG_WARN_INT_CONVERSION = YES;
				CLANG_WARN_NON_LITERAL_NULL_CONVERSION = YES;
				CLANG_WARN_OBJC_IMPLICIT_RETAIN_SELF = YES;
				CLANG_WARN_OBJC_LITERAL_CONVERSION = YES;
				CLANG_WARN_OBJC_ROOT_CLASS = YES_ERROR;
				CLANG_WARN_QUOTED_INCLUDE_IN_FRAMEWORK_HEADER = YES;
				CLANG_WARN_RANGE_LOOP_ANALYSIS = YES;
				CLANG_WARN_STRICT_PROTOTYPES = YES;
				CLANG_WARN_SUSPICIOUS_MOVE = YES;
				CLANG_WARN_UNGUARDED_AVAILABILITY = YES_AGGRESSIVE;
				CLANG_WARN_UNREACHABLE_CODE = YES;
				CLANG_WARN__DUPLICATE_METHOD_MATCH = YES;
				COPY_PHASE_STRIP = NO;
				DEBUG_INFORMATION_FORMAT = "dwarf-with-dsym";
				ENABLE_NS_ASSERTIONS = NO;
				ENABLE_STRICT_OBJC_MSGSEND = YES;
				GCC_C_LANGUAGE_STANDARD = gnu11;
				GCC_NO_COMMON_BLOCKS = YES;
				GCC_WARN_64_TO_32_BIT_CONVERSION = YES;
				GCC_WARN_ABOUT_RETURN_TYPE = YES_ERROR;
				GCC_WARN_UNDECLARED_SELECTOR = YES;
				GCC_WARN_UNINITIALIZED_AUTOS = YES_AGGRESSIVE;
				GCC_WARN_UNUSED_FUNCTION = YES;
				GCC_WARN_UNUSED_VARIABLE = YES;
				IPHONEOS_DEPLOYMENT_TARGET = 14.5;
				MTL_ENABLE_DEBUG_INFO = NO;
				MTL_FAST_MATH = YES;
				SDKROOT = iphoneos;
				SWIFT_COMPILATION_MODE = wholemodule;
				SWIFT_OPTIMIZATION_LEVEL = "-O";
				VALIDATE_PRODUCT = YES;
			};
			name = Release;
		};
		92F5577C269AC86E00C2A5F5 /* Debug */ = {
			isa = XCBuildConfiguration;
			buildSettings = {
				ASSETCATALOG_COMPILER_APPICON_NAME = AppIcon;
				ASSETCATALOG_COMPILER_GLOBAL_ACCENT_COLOR_NAME = AccentColor;
				CODE_SIGN_STYLE = Automatic;
				DEVELOPMENT_ASSET_PATHS = "\"stackPracticeTutorial/Preview Content\"";
				DEVELOPMENT_TEAM = 6SFZ5J75BR;
				ENABLE_PREVIEWS = YES;
				INFOPLIST_FILE = stackPracticeTutorial/Info.plist;
				IPHONEOS_DEPLOYMENT_TARGET = 14.0;
				LD_RUNPATH_SEARCH_PATHS = (
					"$(inherited)",
					"@executable_path/Frameworks",
				);
				PRODUCT_BUNDLE_IDENTIFIER = ff.stackPracticeTutorial;
				PRODUCT_NAME = "$(TARGET_NAME)";
				SWIFT_VERSION = 5.0;
				TARGETED_DEVICE_FAMILY = "1,2";
			};
			name = Debug;
		};
		92F5577D269AC86E00C2A5F5 /* Release */ = {
			isa = XCBuildConfiguration;
			buildSettings = {
				ASSETCATALOG_COMPILER_APPICON_NAME = AppIcon;
				ASSETCATALOG_COMPILER_GLOBAL_ACCENT_COLOR_NAME = AccentColor;
				CODE_SIGN_STYLE = Automatic;
				DEVELOPMENT_ASSET_PATHS = "\"stackPracticeTutorial/Preview Content\"";
				DEVELOPMENT_TEAM = 6SFZ5J75BR;
				ENABLE_PREVIEWS = YES;
				INFOPLIST_FILE = stackPracticeTutorial/Info.plist;
				IPHONEOS_DEPLOYMENT_TARGET = 14.0;
				LD_RUNPATH_SEARCH_PATHS = (
					"$(inherited)",
					"@executable_path/Frameworks",
				);
				PRODUCT_BUNDLE_IDENTIFIER = ff.stackPracticeTutorial;
				PRODUCT_NAME = "$(TARGET_NAME)";
				SWIFT_VERSION = 5.0;
				TARGETED_DEVICE_FAMILY = "1,2";
			};
			name = Release;
		};
/* End XCBuildConfiguration section */

/* Begin XCConfigurationList section */
		92F55767269AC86C00C2A5F5 /* Build configuration list for PBXProject "stackPracticeTutorial" */ = {
			isa = XCConfigurationList;
			buildConfigurations = (
				92F55779269AC86E00C2A5F5 /* Debug */,
				92F5577A269AC86E00C2A5F5 /* Release */,
			);
			defaultConfigurationIsVisible = 0;
			defaultConfigurationName = Release;
		};
		92F5577B269AC86E00C2A5F5 /* Build configuration list for PBXNativeTarget "stackPracticeTutorial" */ = {
			isa = XCConfigurationList;
			buildConfigurations = (
				92F5577C269AC86E00C2A5F5 /* Debug */,
				92F5577D269AC86E00C2A5F5 /* Release */,
			);
			defaultConfigurationIsVisible = 0;
			defaultConfigurationName = Release;
		};
/* End XCConfigurationList section */
	};
	rootObject = 92F55764269AC86C00C2A5F5 /* Project object */;
}
